// !$*UTF8*$!
{
	archiveVersion = 1;
	classes = {
	};
	objectVersion = 46;
	objects = {

/* Begin PBXBuildFile section */
		002FAD4C14B8676900C0A966 /* UIKit.framework in Frameworks */ = {isa = PBXBuildFile; fileRef = 002FAD4B14B8676900C0A966 /* UIKit.framework */; };
		002FAD4E14B8676900C0A966 /* Foundation.framework in Frameworks */ = {isa = PBXBuildFile; fileRef = 002FAD4D14B8676900C0A966 /* Foundation.framework */; };
		002FAD5014B8676900C0A966 /* CoreGraphics.framework in Frameworks */ = {isa = PBXBuildFile; fileRef = 002FAD4F14B8676900C0A966 /* CoreGraphics.framework */; };
		002FAD5214B8676900C0A966 /* CoreData.framework in Frameworks */ = {isa = PBXBuildFile; fileRef = 002FAD5114B8676900C0A966 /* CoreData.framework */; };
		002FAD5814B8676900C0A966 /* InfoPlist.strings in Resources */ = {isa = PBXBuildFile; fileRef = 002FAD5614B8676900C0A966 /* InfoPlist.strings */; };
		002FAD5A14B8676900C0A966 /* main.m in Sources */ = {isa = PBXBuildFile; fileRef = 002FAD5914B8676900C0A966 /* main.m */; };
		002FAD5E14B8676900C0A966 /* AppDelegate.m in Sources */ = {isa = PBXBuildFile; fileRef = 002FAD5D14B8676900C0A966 /* AppDelegate.m */; };
		002FAD6114B8676900C0A966 /* DealsCentralSG.xcdatamodeld in Sources */ = {isa = PBXBuildFile; fileRef = 002FAD5F14B8676900C0A966 /* DealsCentralSG.xcdatamodeld */; };
		002FAD6914B867D400C0A966 /* MainViewController.m in Sources */ = {isa = PBXBuildFile; fileRef = 002FAD6814B867D400C0A966 /* MainViewController.m */; };
		002FAD6D14B86EA400C0A966 /* GDataXMLNode.m in Sources */ = {isa = PBXBuildFile; fileRef = 002FAD6C14B86EA300C0A966 /* GDataXMLNode.m */; };
		002FAD8314B86F1400C0A966 /* ASIAuthenticationDialog.m in Sources */ = {isa = PBXBuildFile; fileRef = 002FAD7014B86F1400C0A966 /* ASIAuthenticationDialog.m */; };
		002FAD8414B86F1400C0A966 /* ASIDataCompressor.m in Sources */ = {isa = PBXBuildFile; fileRef = 002FAD7314B86F1400C0A966 /* ASIDataCompressor.m */; };
		002FAD8514B86F1400C0A966 /* ASIDataDecompressor.m in Sources */ = {isa = PBXBuildFile; fileRef = 002FAD7514B86F1400C0A966 /* ASIDataDecompressor.m */; };
		002FAD8614B86F1400C0A966 /* ASIDownloadCache.m in Sources */ = {isa = PBXBuildFile; fileRef = 002FAD7714B86F1400C0A966 /* ASIDownloadCache.m */; };
		002FAD8714B86F1400C0A966 /* ASIFormDataRequest.m in Sources */ = {isa = PBXBuildFile; fileRef = 002FAD7914B86F1400C0A966 /* ASIFormDataRequest.m */; };
		002FAD8814B86F1400C0A966 /* ASIHTTPRequest.m in Sources */ = {isa = PBXBuildFile; fileRef = 002FAD7B14B86F1400C0A966 /* ASIHTTPRequest.m */; };
		002FAD8914B86F1400C0A966 /* ASIInputStream.m in Sources */ = {isa = PBXBuildFile; fileRef = 002FAD7F14B86F1400C0A966 /* ASIInputStream.m */; };
		002FAD8A14B86F1400C0A966 /* ASINetworkQueue.m in Sources */ = {isa = PBXBuildFile; fileRef = 002FAD8114B86F1400C0A966 /* ASINetworkQueue.m */; };
		002FAD8D14B86F4400C0A966 /* Reachability.m in Sources */ = {isa = PBXBuildFile; fileRef = 002FAD8C14B86F4400C0A966 /* Reachability.m */; };
		002FAD8F14B86F5D00C0A966 /* MobileCoreServices.framework in Frameworks */ = {isa = PBXBuildFile; fileRef = 002FAD8E14B86F5D00C0A966 /* MobileCoreServices.framework */; };
		002FAD9114B86F6800C0A966 /* libz.1.2.5.dylib in Frameworks */ = {isa = PBXBuildFile; fileRef = 002FAD9014B86F6800C0A966 /* libz.1.2.5.dylib */; };
		002FAD9314B86F7500C0A966 /* SystemConfiguration.framework in Frameworks */ = {isa = PBXBuildFile; fileRef = 002FAD9214B86F7500C0A966 /* SystemConfiguration.framework */; };
		002FAD9514B86F7F00C0A966 /* CFNetwork.framework in Frameworks */ = {isa = PBXBuildFile; fileRef = 002FAD9414B86F7F00C0A966 /* CFNetwork.framework */; };
		002FADA014B8856200C0A966 /* MainListTableViewController.m in Sources */ = {isa = PBXBuildFile; fileRef = 002FAD9F14B8856100C0A966 /* MainListTableViewController.m */; };
		002FADA614B8947E00C0A966 /* DataModel.m in Sources */ = {isa = PBXBuildFile; fileRef = 002FADA514B8947E00C0A966 /* DataModel.m */; };
		002FADB514B89DFF00C0A966 /* Deal.m in Sources */ = {isa = PBXBuildFile; fileRef = 002FADB414B89DFF00C0A966 /* Deal.m */; };
		002FADB914B8A4C600C0A966 /* DealDetailViewController.m in Sources */ = {isa = PBXBuildFile; fileRef = 002FADB714B8A4C500C0A966 /* DealDetailViewController.m */; };
		002FADBA14B8A4C600C0A966 /* DealDetailViewController.xib in Resources */ = {isa = PBXBuildFile; fileRef = 002FADB814B8A4C500C0A966 /* DealDetailViewController.xib */; };
/* End PBXBuildFile section */

/* Begin PBXFileReference section */
		002FAD4714B8676900C0A966 /* DealsCentralSG.app */ = {isa = PBXFileReference; explicitFileType = wrapper.application; includeInIndex = 0; path = DealsCentralSG.app; sourceTree = BUILT_PRODUCTS_DIR; };
		002FAD4B14B8676900C0A966 /* UIKit.framework */ = {isa = PBXFileReference; lastKnownFileType = wrapper.framework; name = UIKit.framework; path = System/Library/Frameworks/UIKit.framework; sourceTree = SDKROOT; };
		002FAD4D14B8676900C0A966 /* Foundation.framework */ = {isa = PBXFileReference; lastKnownFileType = wrapper.framework; name = Foundation.framework; path = System/Library/Frameworks/Foundation.framework; sourceTree = SDKROOT; };
		002FAD4F14B8676900C0A966 /* CoreGraphics.framework */ = {isa = PBXFileReference; lastKnownFileType = wrapper.framework; name = CoreGraphics.framework; path = System/Library/Frameworks/CoreGraphics.framework; sourceTree = SDKROOT; };
		002FAD5114B8676900C0A966 /* CoreData.framework */ = {isa = PBXFileReference; lastKnownFileType = wrapper.framework; name = CoreData.framework; path = System/Library/Frameworks/CoreData.framework; sourceTree = SDKROOT; };
		002FAD5514B8676900C0A966 /* DealsCentralSG-Info.plist */ = {isa = PBXFileReference; lastKnownFileType = text.plist.xml; path = "DealsCentralSG-Info.plist"; sourceTree = "<group>"; };
		002FAD5714B8676900C0A966 /* en */ = {isa = PBXFileReference; lastKnownFileType = text.plist.strings; name = en; path = en.lproj/InfoPlist.strings; sourceTree = "<group>"; };
		002FAD5914B8676900C0A966 /* main.m */ = {isa = PBXFileReference; lastKnownFileType = sourcecode.c.objc; path = main.m; sourceTree = "<group>"; };
		002FAD5B14B8676900C0A966 /* DealsCentralSG-Prefix.pch */ = {isa = PBXFileReference; lastKnownFileType = sourcecode.c.h; path = "DealsCentralSG-Prefix.pch"; sourceTree = "<group>"; };
		002FAD5C14B8676900C0A966 /* AppDelegate.h */ = {isa = PBXFileReference; lastKnownFileType = sourcecode.c.h; path = AppDelegate.h; sourceTree = "<group>"; };
		002FAD5D14B8676900C0A966 /* AppDelegate.m */ = {isa = PBXFileReference; lastKnownFileType = sourcecode.c.objc; path = AppDelegate.m; sourceTree = "<group>"; };
		002FAD6014B8676900C0A966 /* DealsCentralSG.xcdatamodel */ = {isa = PBXFileReference; lastKnownFileType = wrapper.xcdatamodel; path = DealsCentralSG.xcdatamodel; sourceTree = "<group>"; };
		002FAD6714B867D400C0A966 /* MainViewController.h */ = {isa = PBXFileReference; fileEncoding = 4; lastKnownFileType = sourcecode.c.h; path = MainViewController.h; sourceTree = "<group>"; };
		002FAD6814B867D400C0A966 /* MainViewController.m */ = {isa = PBXFileReference; fileEncoding = 4; lastKnownFileType = sourcecode.c.objc; path = MainViewController.m; sourceTree = "<group>"; };
		002FAD6B14B86EA300C0A966 /* GDataXMLNode.h */ = {isa = PBXFileReference; fileEncoding = 4; lastKnownFileType = sourcecode.c.h; path = GDataXMLNode.h; sourceTree = "<group>"; };
		002FAD6C14B86EA300C0A966 /* GDataXMLNode.m */ = {isa = PBXFileReference; fileEncoding = 4; lastKnownFileType = sourcecode.c.objc; path = GDataXMLNode.m; sourceTree = "<group>"; };
		002FAD6F14B86F1400C0A966 /* ASIAuthenticationDialog.h */ = {isa = PBXFileReference; fileEncoding = 4; lastKnownFileType = sourcecode.c.h; path = ASIAuthenticationDialog.h; sourceTree = "<group>"; };
		002FAD7014B86F1400C0A966 /* ASIAuthenticationDialog.m */ = {isa = PBXFileReference; fileEncoding = 4; lastKnownFileType = sourcecode.c.objc; path = ASIAuthenticationDialog.m; sourceTree = "<group>"; };
		002FAD7114B86F1400C0A966 /* ASICacheDelegate.h */ = {isa = PBXFileReference; fileEncoding = 4; lastKnownFileType = sourcecode.c.h; path = ASICacheDelegate.h; sourceTree = "<group>"; };
		002FAD7214B86F1400C0A966 /* ASIDataCompressor.h */ = {isa = PBXFileReference; fileEncoding = 4; lastKnownFileType = sourcecode.c.h; path = ASIDataCompressor.h; sourceTree = "<group>"; };
		002FAD7314B86F1400C0A966 /* ASIDataCompressor.m */ = {isa = PBXFileReference; fileEncoding = 4; lastKnownFileType = sourcecode.c.objc; path = ASIDataCompressor.m; sourceTree = "<group>"; };
		002FAD7414B86F1400C0A966 /* ASIDataDecompressor.h */ = {isa = PBXFileReference; fileEncoding = 4; lastKnownFileType = sourcecode.c.h; path = ASIDataDecompressor.h; sourceTree = "<group>"; };
		002FAD7514B86F1400C0A966 /* ASIDataDecompressor.m */ = {isa = PBXFileReference; fileEncoding = 4; lastKnownFileType = sourcecode.c.objc; path = ASIDataDecompressor.m; sourceTree = "<group>"; };
		002FAD7614B86F1400C0A966 /* ASIDownloadCache.h */ = {isa = PBXFileReference; fileEncoding = 4; lastKnownFileType = sourcecode.c.h; path = ASIDownloadCache.h; sourceTree = "<group>"; };
		002FAD7714B86F1400C0A966 /* ASIDownloadCache.m */ = {isa = PBXFileReference; fileEncoding = 4; lastKnownFileType = sourcecode.c.objc; path = ASIDownloadCache.m; sourceTree = "<group>"; };
		002FAD7814B86F1400C0A966 /* ASIFormDataRequest.h */ = {isa = PBXFileReference; fileEncoding = 4; lastKnownFileType = sourcecode.c.h; path = ASIFormDataRequest.h; sourceTree = "<group>"; };
		002FAD7914B86F1400C0A966 /* ASIFormDataRequest.m */ = {isa = PBXFileReference; fileEncoding = 4; lastKnownFileType = sourcecode.c.objc; path = ASIFormDataRequest.m; sourceTree = "<group>"; };
		002FAD7A14B86F1400C0A966 /* ASIHTTPRequest.h */ = {isa = PBXFileReference; fileEncoding = 4; lastKnownFileType = sourcecode.c.h; path = ASIHTTPRequest.h; sourceTree = "<group>"; };
		002FAD7B14B86F1400C0A966 /* ASIHTTPRequest.m */ = {isa = PBXFileReference; fileEncoding = 4; lastKnownFileType = sourcecode.c.objc; path = ASIHTTPRequest.m; sourceTree = "<group>"; };
		002FAD7C14B86F1400C0A966 /* ASIHTTPRequestConfig.h */ = {isa = PBXFileReference; fileEncoding = 4; lastKnownFileType = sourcecode.c.h; path = ASIHTTPRequestConfig.h; sourceTree = "<group>"; };
		002FAD7D14B86F1400C0A966 /* ASIHTTPRequestDelegate.h */ = {isa = PBXFileReference; fileEncoding = 4; lastKnownFileType = sourcecode.c.h; path = ASIHTTPRequestDelegate.h; sourceTree = "<group>"; };
		002FAD7E14B86F1400C0A966 /* ASIInputStream.h */ = {isa = PBXFileReference; fileEncoding = 4; lastKnownFileType = sourcecode.c.h; path = ASIInputStream.h; sourceTree = "<group>"; };
		002FAD7F14B86F1400C0A966 /* ASIInputStream.m */ = {isa = PBXFileReference; fileEncoding = 4; lastKnownFileType = sourcecode.c.objc; path = ASIInputStream.m; sourceTree = "<group>"; };
		002FAD8014B86F1400C0A966 /* ASINetworkQueue.h */ = {isa = PBXFileReference; fileEncoding = 4; lastKnownFileType = sourcecode.c.h; path = ASINetworkQueue.h; sourceTree = "<group>"; };
		002FAD8114B86F1400C0A966 /* ASINetworkQueue.m */ = {isa = PBXFileReference; fileEncoding = 4; lastKnownFileType = sourcecode.c.objc; path = ASINetworkQueue.m; sourceTree = "<group>"; };
		002FAD8214B86F1400C0A966 /* ASIProgressDelegate.h */ = {isa = PBXFileReference; fileEncoding = 4; lastKnownFileType = sourcecode.c.h; path = ASIProgressDelegate.h; sourceTree = "<group>"; };
		002FAD8B14B86F4400C0A966 /* Reachability.h */ = {isa = PBXFileReference; fileEncoding = 4; lastKnownFileType = sourcecode.c.h; path = Reachability.h; sourceTree = "<group>"; };
		002FAD8C14B86F4400C0A966 /* Reachability.m */ = {isa = PBXFileReference; fileEncoding = 4; lastKnownFileType = sourcecode.c.objc; path = Reachability.m; sourceTree = "<group>"; };
		002FAD8E14B86F5D00C0A966 /* MobileCoreServices.framework */ = {isa = PBXFileReference; lastKnownFileType = wrapper.framework; name = MobileCoreServices.framework; path = System/Library/Frameworks/MobileCoreServices.framework; sourceTree = SDKROOT; };
		002FAD9014B86F6800C0A966 /* libz.1.2.5.dylib */ = {isa = PBXFileReference; lastKnownFileType = "compiled.mach-o.dylib"; name = libz.1.2.5.dylib; path = usr/lib/libz.1.2.5.dylib; sourceTree = SDKROOT; };
		002FAD9214B86F7500C0A966 /* SystemConfiguration.framework */ = {isa = PBXFileReference; lastKnownFileType = wrapper.framework; name = SystemConfiguration.framework; path = System/Library/Frameworks/SystemConfiguration.framework; sourceTree = SDKROOT; };
		002FAD9414B86F7F00C0A966 /* CFNetwork.framework */ = {isa = PBXFileReference; lastKnownFileType = wrapper.framework; name = CFNetwork.framework; path = System/Library/Frameworks/CFNetwork.framework; sourceTree = SDKROOT; };
		002FAD9E14B8856100C0A966 /* MainListTableViewController.h */ = {isa = PBXFileReference; fileEncoding = 4; lastKnownFileType = sourcecode.c.h; path = MainListTableViewController.h; sourceTree = "<group>"; };
		002FAD9F14B8856100C0A966 /* MainListTableViewController.m */ = {isa = PBXFileReference; fileEncoding = 4; lastKnownFileType = sourcecode.c.objc; path = MainListTableViewController.m; sourceTree = "<group>"; };
		002FADA414B8947E00C0A966 /* DataModel.h */ = {isa = PBXFileReference; fileEncoding = 4; lastKnownFileType = sourcecode.c.h; path = DataModel.h; sourceTree = "<group>"; };
		002FADA514B8947E00C0A966 /* DataModel.m */ = {isa = PBXFileReference; fileEncoding = 4; lastKnownFileType = sourcecode.c.objc; path = DataModel.m; sourceTree = "<group>"; };
		002FADB314B89DFF00C0A966 /* Deal.h */ = {isa = PBXFileReference; fileEncoding = 4; lastKnownFileType = sourcecode.c.h; path = Deal.h; sourceTree = "<group>"; };
		002FADB414B89DFF00C0A966 /* Deal.m */ = {isa = PBXFileReference; fileEncoding = 4; lastKnownFileType = sourcecode.c.objc; path = Deal.m; sourceTree = "<group>"; };
		002FADB614B8A4C500C0A966 /* DealDetailViewController.h */ = {isa = PBXFileReference; fileEncoding = 4; lastKnownFileType = sourcecode.c.h; path = DealDetailViewController.h; sourceTree = "<group>"; };
		002FADB714B8A4C500C0A966 /* DealDetailViewController.m */ = {isa = PBXFileReference; fileEncoding = 4; lastKnownFileType = sourcecode.c.objc; path = DealDetailViewController.m; sourceTree = "<group>"; };
		002FADB814B8A4C500C0A966 /* DealDetailViewController.xib */ = {isa = PBXFileReference; fileEncoding = 4; lastKnownFileType = file.xib; path = DealDetailViewController.xib; sourceTree = "<group>"; };
/* End PBXFileReference section */

/* Begin PBXFrameworksBuildPhase section */
		002FAD4414B8676900C0A966 /* Frameworks */ = {
			isa = PBXFrameworksBuildPhase;
			buildActionMask = 2147483647;
			files = (
				002FAD9514B86F7F00C0A966 /* CFNetwork.framework in Frameworks */,
				002FAD9314B86F7500C0A966 /* SystemConfiguration.framework in Frameworks */,
				002FAD9114B86F6800C0A966 /* libz.1.2.5.dylib in Frameworks */,
				002FAD8F14B86F5D00C0A966 /* MobileCoreServices.framework in Frameworks */,
				002FAD4C14B8676900C0A966 /* UIKit.framework in Frameworks */,
				002FAD4E14B8676900C0A966 /* Foundation.framework in Frameworks */,
				002FAD5014B8676900C0A966 /* CoreGraphics.framework in Frameworks */,
				002FAD5214B8676900C0A966 /* CoreData.framework in Frameworks */,
			);
			runOnlyForDeploymentPostprocessing = 0;
		};
/* End PBXFrameworksBuildPhase section */

/* Begin PBXGroup section */
		002FAD3C14B8676800C0A966 = {
			isa = PBXGroup;
			children = (
				002FAD6E14B86EF400C0A966 /* ASIHTTPRequest */,
				002FAD6A14B86EA300C0A966 /* GDataXML */,
				002FAD9A14B883BB00C0A966 /* Website Datamodels */,
				002FAD5314B8676900C0A966 /* DealsCentralSG */,
				002FAD4A14B8676900C0A966 /* Frameworks */,
				002FAD4814B8676900C0A966 /* Products */,
			);
			sourceTree = "<group>";
		};
		002FAD4814B8676900C0A966 /* Products */ = {
			isa = PBXGroup;
			children = (
				002FAD4714B8676900C0A966 /* DealsCentralSG.app */,
			);
			name = Products;
			sourceTree = "<group>";
		};
		002FAD4A14B8676900C0A966 /* Frameworks */ = {
			isa = PBXGroup;
			children = (
				002FAD9414B86F7F00C0A966 /* CFNetwork.framework */,
				002FAD9214B86F7500C0A966 /* SystemConfiguration.framework */,
				002FAD9014B86F6800C0A966 /* libz.1.2.5.dylib */,
				002FAD8E14B86F5D00C0A966 /* MobileCoreServices.framework */,
				002FAD4B14B8676900C0A966 /* UIKit.framework */,
				002FAD4D14B8676900C0A966 /* Foundation.framework */,
				002FAD4F14B8676900C0A966 /* CoreGraphics.framework */,
				002FAD5114B8676900C0A966 /* CoreData.framework */,
			);
			name = Frameworks;
			sourceTree = "<group>";
		};
		002FAD5314B8676900C0A966 /* DealsCentralSG */ = {
			isa = PBXGroup;
			children = (
				002FAD5C14B8676900C0A966 /* AppDelegate.h */,
				002FAD5D14B8676900C0A966 /* AppDelegate.m */,
				002FAD6714B867D400C0A966 /* MainViewController.h */,
				002FAD6814B867D400C0A966 /* MainViewController.m */,
				002FAD9E14B8856100C0A966 /* MainListTableViewController.h */,
				002FAD9F14B8856100C0A966 /* MainListTableViewController.m */,
				002FADB614B8A4C500C0A966 /* DealDetailViewController.h */,
				002FADB714B8A4C500C0A966 /* DealDetailViewController.m */,
				002FADB814B8A4C500C0A966 /* DealDetailViewController.xib */,
				002FAD5F14B8676900C0A966 /* DealsCentralSG.xcdatamodeld */,
				002FAD5414B8676900C0A966 /* Supporting Files */,
			);
			path = DealsCentralSG;
			sourceTree = "<group>";
		};
		002FAD5414B8676900C0A966 /* Supporting Files */ = {
			isa = PBXGroup;
			children = (
				002FAD5514B8676900C0A966 /* DealsCentralSG-Info.plist */,
				002FAD5614B8676900C0A966 /* InfoPlist.strings */,
				002FAD5914B8676900C0A966 /* main.m */,
				002FAD5B14B8676900C0A966 /* DealsCentralSG-Prefix.pch */,
			);
			name = "Supporting Files";
			sourceTree = "<group>";
		};
		002FAD6A14B86EA300C0A966 /* GDataXML */ = {
			isa = PBXGroup;
			children = (
				002FAD6B14B86EA300C0A966 /* GDataXMLNode.h */,
				002FAD6C14B86EA300C0A966 /* GDataXMLNode.m */,
			);
			name = GDataXML;
			path = lib;
			sourceTree = "<group>";
		};
		002FAD6E14B86EF400C0A966 /* ASIHTTPRequest */ = {
			isa = PBXGroup;
			children = (
				002FAD8B14B86F4400C0A966 /* Reachability.h */,
				002FAD8C14B86F4400C0A966 /* Reachability.m */,
				002FAD6F14B86F1400C0A966 /* ASIAuthenticationDialog.h */,
				002FAD7014B86F1400C0A966 /* ASIAuthenticationDialog.m */,
				002FAD7114B86F1400C0A966 /* ASICacheDelegate.h */,
				002FAD7214B86F1400C0A966 /* ASIDataCompressor.h */,
				002FAD7314B86F1400C0A966 /* ASIDataCompressor.m */,
				002FAD7414B86F1400C0A966 /* ASIDataDecompressor.h */,
				002FAD7514B86F1400C0A966 /* ASIDataDecompressor.m */,
				002FAD7614B86F1400C0A966 /* ASIDownloadCache.h */,
				002FAD7714B86F1400C0A966 /* ASIDownloadCache.m */,
				002FAD7814B86F1400C0A966 /* ASIFormDataRequest.h */,
				002FAD7914B86F1400C0A966 /* ASIFormDataRequest.m */,
				002FAD7A14B86F1400C0A966 /* ASIHTTPRequest.h */,
				002FAD7B14B86F1400C0A966 /* ASIHTTPRequest.m */,
				002FAD7C14B86F1400C0A966 /* ASIHTTPRequestConfig.h */,
				002FAD7D14B86F1400C0A966 /* ASIHTTPRequestDelegate.h */,
				002FAD7E14B86F1400C0A966 /* ASIInputStream.h */,
				002FAD7F14B86F1400C0A966 /* ASIInputStream.m */,
				002FAD8014B86F1400C0A966 /* ASINetworkQueue.h */,
				002FAD8114B86F1400C0A966 /* ASINetworkQueue.m */,
				002FAD8214B86F1400C0A966 /* ASIProgressDelegate.h */,
			);
			name = ASIHTTPRequest;
			sourceTree = "<group>";
		};
		002FAD9A14B883BB00C0A966 /* Website Datamodels */ = {
			isa = PBXGroup;
			children = (
				002FADA414B8947E00C0A966 /* DataModel.h */,
				002FADA514B8947E00C0A966 /* DataModel.m */,
				002FADB314B89DFF00C0A966 /* Deal.h */,
				002FADB414B89DFF00C0A966 /* Deal.m */,
			);
			name = "Website Datamodels";
			path = lib;
			sourceTree = "<group>";
		};
/* End PBXGroup section */

/* Begin PBXNativeTarget section */
		002FAD4614B8676900C0A966 /* DealsCentralSG */ = {
			isa = PBXNativeTarget;
			buildConfigurationList = 002FAD6414B8676900C0A966 /* Build configuration list for PBXNativeTarget "DealsCentralSG" */;
			buildPhases = (
				002FAD4314B8676900C0A966 /* Sources */,
				002FAD4414B8676900C0A966 /* Frameworks */,
				002FAD4514B8676900C0A966 /* Resources */,
			);
			buildRules = (
			);
			dependencies = (
			);
			name = DealsCentralSG;
			productName = DealsCentralSG;
			productReference = 002FAD4714B8676900C0A966 /* DealsCentralSG.app */;
			productType = "com.apple.product-type.application";
		};
/* End PBXNativeTarget section */

/* Begin PBXProject section */
		002FAD3E14B8676800C0A966 /* Project object */ = {
			isa = PBXProject;
			attributes = {
				LastUpgradeCheck = 0420;
				ORGANIZATIONNAME = "-";
			};
			buildConfigurationList = 002FAD4114B8676800C0A966 /* Build configuration list for PBXProject "DealsCentralSG" */;
			compatibilityVersion = "Xcode 3.2";
			developmentRegion = English;
			hasScannedForEncodings = 0;
			knownRegions = (
				en,
			);
			mainGroup = 002FAD3C14B8676800C0A966;
			productRefGroup = 002FAD4814B8676900C0A966 /* Products */;
			projectDirPath = "";
			projectRoot = "";
			targets = (
				002FAD4614B8676900C0A966 /* DealsCentralSG */,
			);
		};
/* End PBXProject section */

/* Begin PBXResourcesBuildPhase section */
		002FAD4514B8676900C0A966 /* Resources */ = {
			isa = PBXResourcesBuildPhase;
			buildActionMask = 2147483647;
			files = (
				002FAD5814B8676900C0A966 /* InfoPlist.strings in Resources */,
				002FADBA14B8A4C600C0A966 /* DealDetailViewController.xib in Resources */,
			);
			runOnlyForDeploymentPostprocessing = 0;
		};
/* End PBXResourcesBuildPhase section */

/* Begin PBXSourcesBuildPhase section */
		002FAD4314B8676900C0A966 /* Sources */ = {
			isa = PBXSourcesBuildPhase;
			buildActionMask = 2147483647;
			files = (
				002FAD5A14B8676900C0A966 /* main.m in Sources */,
				002FAD5E14B8676900C0A966 /* AppDelegate.m in Sources */,
				002FAD6114B8676900C0A966 /* DealsCentralSG.xcdatamodeld in Sources */,
				002FAD6914B867D400C0A966 /* MainViewController.m in Sources */,
				002FAD6D14B86EA400C0A966 /* GDataXMLNode.m in Sources */,
				002FAD8314B86F1400C0A966 /* ASIAuthenticationDialog.m in Sources */,
				002FAD8414B86F1400C0A966 /* ASIDataCompressor.m in Sources */,
				002FAD8514B86F1400C0A966 /* ASIDataDecompressor.m in Sources */,
				002FAD8614B86F1400C0A966 /* ASIDownloadCache.m in Sources */,
				002FAD8714B86F1400C0A966 /* ASIFormDataRequest.m in Sources */,
				002FAD8814B86F1400C0A966 /* ASIHTTPRequest.m in Sources */,
				002FAD8914B86F1400C0A966 /* ASIInputStream.m in Sources */,
				002FAD8A14B86F1400C0A966 /* ASINetworkQueue.m in Sources */,
				002FAD8D14B86F4400C0A966 /* Reachability.m in Sources */,
				002FADA014B8856200C0A966 /* MainListTableViewController.m in Sources */,
				002FADA614B8947E00C0A966 /* DataModel.m in Sources */,
				002FADB514B89DFF00C0A966 /* Deal.m in Sources */,
				002FADB914B8A4C600C0A966 /* DealDetailViewController.m in Sources */,
			);
			runOnlyForDeploymentPostprocessing = 0;
		};
/* End PBXSourcesBuildPhase section */

/* Begin PBXVariantGroup section */
		002FAD5614B8676900C0A966 /* InfoPlist.strings */ = {
			isa = PBXVariantGroup;
			children = (
				002FAD5714B8676900C0A966 /* en */,
			);
			name = InfoPlist.strings;
			sourceTree = "<group>";
		};
/* End PBXVariantGroup section */

/* Begin XCBuildConfiguration section */
		002FAD6214B8676900C0A966 /* Debug */ = {
			isa = XCBuildConfiguration;
			buildSettings = {
				ALWAYS_SEARCH_USER_PATHS = NO;
				ARCHS = "$(ARCHS_STANDARD_32_BIT)";
				"CODE_SIGN_IDENTITY[sdk=iphoneos*]" = "iPhone Developer";
				COPY_PHASE_STRIP = NO;
				GCC_C_LANGUAGE_STANDARD = gnu99;
				GCC_DYNAMIC_NO_PIC = NO;
				GCC_OPTIMIZATION_LEVEL = 0;
				GCC_PREPROCESSOR_DEFINITIONS = (
					"DEBUG=1",
					"$(inherited)",
				);
				GCC_SYMBOLS_PRIVATE_EXTERN = NO;
				GCC_VERSION = com.apple.compilers.llvm.clang.1_0;
				GCC_WARN_ABOUT_MISSING_PROTOTYPES = YES;
				GCC_WARN_ABOUT_RETURN_TYPE = YES;
				GCC_WARN_UNUSED_VARIABLE = YES;
				IPHONEOS_DEPLOYMENT_TARGET = 5.0;
				SDKROOT = iphoneos;
			};
			name = Debug;
		};
		002FAD6314B8676900C0A966 /* Release */ = {
			isa = XCBuildConfiguration;
			buildSettings = {
				ALWAYS_SEARCH_USER_PATHS = NO;
				ARCHS = "$(ARCHS_STANDARD_32_BIT)";
				"CODE_SIGN_IDENTITY[sdk=iphoneos*]" = "iPhone Developer";
				COPY_PHASE_STRIP = YES;
				GCC_C_LANGUAGE_STANDARD = gnu99;
				GCC_VERSION = com.apple.compilers.llvm.clang.1_0;
				GCC_WARN_ABOUT_MISSING_PROTOTYPES = YES;
				GCC_WARN_ABOUT_RETURN_TYPE = YES;
				GCC_WARN_UNUSED_VARIABLE = YES;
				IPHONEOS_DEPLOYMENT_TARGET = 5.0;
				OTHER_CFLAGS = "-DNS_BLOCK_ASSERTIONS=1";
				SDKROOT = iphoneos;
				VALIDATE_PRODUCT = YES;
			};
			name = Release;
		};
		002FAD6514B8676900C0A966 /* Debug */ = {
			isa = XCBuildConfiguration;
			buildSettings = {
				GCC_PRECOMPILE_PREFIX_HEADER = YES;
				GCC_PREFIX_HEADER = "DealsCentralSG/DealsCentralSG-Prefix.pch";
				HEADER_SEARCH_PATHS = /usr/include/libxml2;
				INFOPLIST_FILE = "DealsCentralSG/DealsCentralSG-Info.plist";
				OTHER_LDFLAGS = "-lxml2";
				PRODUCT_NAME = "$(TARGET_NAME)";
				WRAPPER_EXTENSION = app;
			};
			name = Debug;
		};
		002FAD6614B8676900C0A966 /* Release */ = {
			isa = XCBuildConfiguration;
			buildSettings = {
				GCC_PRECOMPILE_PREFIX_HEADER = YES;
				GCC_PREFIX_HEADER = "DealsCentralSG/DealsCentralSG-Prefix.pch";
				HEADER_SEARCH_PATHS = /usr/include/libxml2;
				INFOPLIST_FILE = "DealsCentralSG/DealsCentralSG-Info.plist";
				OTHER_LDFLAGS = "-lxml2";
				PRODUCT_NAME = "$(TARGET_NAME)";
				WRAPPER_EXTENSION = app;
			};
			name = Release;
		};
/* End XCBuildConfiguration section */

/* Begin XCConfigurationList section */
		002FAD4114B8676800C0A966 /* Build configuration list for PBXProject "DealsCentralSG" */ = {
			isa = XCConfigurationList;
			buildConfigurations = (
				002FAD6214B8676900C0A966 /* Debug */,
				002FAD6314B8676900C0A966 /* Release */,
			);
			defaultConfigurationIsVisible = 0;
			defaultConfigurationName = Release;
		};
		002FAD6414B8676900C0A966 /* Build configuration list for PBXNativeTarget "DealsCentralSG" */ = {
			isa = XCConfigurationList;
			buildConfigurations = (
				002FAD6514B8676900C0A966 /* Debug */,
				002FAD6614B8676900C0A966 /* Release */,
			);
			defaultConfigurationIsVisible = 0;
		};
/* End XCConfigurationList section */

/* Begin XCVersionGroup section */
		002FAD5F14B8676900C0A966 /* DealsCentralSG.xcdatamodeld */ = {
			isa = XCVersionGroup;
			children = (
				002FAD6014B8676900C0A966 /* DealsCentralSG.xcdatamodel */,
			);
			currentVersion = 002FAD6014B8676900C0A966 /* DealsCentralSG.xcdatamodel */;
			path = DealsCentralSG.xcdatamodeld;
			sourceTree = "<group>";
			versionGroupType = wrapper.xcdatamodel;
		};
/* End XCVersionGroup section */
	};
	rootObject = 002FAD3E14B8676800C0A966 /* Project object */;
}
